Microsoft Visual Studio Solution File, Format Version 12.00
# Visual Studio Version 17
VisualStudioVersion = 17.5.2.0
MinimumVisualStudioVersion = 10.0.40219.1
Project("{FAE04EC0-301F-11D3-BF4B-00C04F79EFBC}") = "MusicVisualizer", "MusicVisualizer.csproj", "{BFDF3730-648A-74DD-269A-C106E4D732E3}"
EndProject
Global
	GlobalSection(SolutionConfigurationPlatforms) = preSolution
		Debug|Any CPU = Debug|Any CPU
		Release|Any CPU = Release|Any CPU
	EndGlobalSection
	GlobalSection(ProjectConfigurationPlatforms) = postSolution
		{BFDF3730-648A-74DD-269A-C106E4D732E3}.Debug|Any CPU.ActiveCfg = Debug|Any CPU
		{BFDF3730-648A-74DD-269A-C106E4D732E3}.Debug|Any CPU.Build.0 = Debug|Any CPU
		{BFDF3730-648A-74DD-269A-C106E4D732E3}.Release|Any CPU.ActiveCfg = Release|Any CPU
		{BFDF3730-648A-74DD-269A-C106E4D732E3}.Release|Any CPU.Build.0 = Release|Any CPU
	EndGlobalSection
	GlobalSection(SolutionProperties) = preSolution
		HideSolutionNode = FALSE
	EndGlobalSection
	GlobalSection(ExtensibilityGlobals) = postSolution
		SolutionGuid = {17E834BD-513E-4114-82F9-CA3C6B255076}
	EndGlobalSection
EndGlobal
